
Microsoft Visual Studio Solution File, Format Version 12.00
# Visual Studio 15
VisualStudioVersion = 15.0.27130.2036
MinimumVisualStudioVersion = 10.0.40219.1
Project("{FAE04EC0-301F-11D3-BF4B-00C04F79EFBC}") = "AddDeviceOnIotHub", "AddDeviceOnIotHub\AddDeviceOnIotHub.csproj", "{F635D181-36C1-41C7-8030-D8B91B558660}"
EndProject
Global
	GlobalSection(SolutionConfigurationPlatforms) = preSolution
		Debug|Any CPU = Debug|Any CPU
		Release|Any CPU = Release|Any CPU
	EndGlobalSection
	GlobalSection(ProjectConfigurationPlatforms) = postSolution
		{F635D181-36C1-41C7-8030-D8B91B558660}.Debug|Any CPU.ActiveCfg = Debug|Any CPU
		{F635D181-36C1-41C7-8030-D8B91B558660}.Debug|Any CPU.Build.0 = Debug|Any CPU
		{F635D181-36C1-41C7-8030-D8B91B558660}.Release|Any CPU.ActiveCfg = Release|Any CPU
		{F635D181-36C1-41C7-8030-D8B91B558660}.Release|Any CPU.Build.0 = Release|Any CPU
	EndGlobalSection
	GlobalSection(SolutionProperties) = preSolution
		HideSolutionNode = FALSE
	EndGlobalSection
	GlobalSection(ExtensibilityGlobals) = postSolution
		SolutionGuid = {D1683D1F-0AAC-4CAC-82D7-968262C13C5F}
	EndGlobalSection
EndGlobal
