
Microsoft Visual Studio Solution File, Format Version 12.00
# Visual Studio 15
VisualStudioVersion = 15.0.27130.2036
MinimumVisualStudioVersion = 10.0.40219.1
Project("{9A19103F-16F7-4668-BE54-9A1E7A4F7556}") = "coreiot", "coreiot.csproj", "{30F25522-66F2-4520-A429-7D72860232C4}"
EndProject
Global
	GlobalSection(SolutionConfigurationPlatforms) = preSolution
		Debug|Any CPU = Debug|Any CPU
		Release|Any CPU = Release|Any CPU
	EndGlobalSection
	GlobalSection(ProjectConfigurationPlatforms) = postSolution
		{30F25522-66F2-4520-A429-7D72860232C4}.Debug|Any CPU.ActiveCfg = Debug|Any CPU
		{30F25522-66F2-4520-A429-7D72860232C4}.Debug|Any CPU.Build.0 = Debug|Any CPU
		{30F25522-66F2-4520-A429-7D72860232C4}.Release|Any CPU.ActiveCfg = Release|Any CPU
		{30F25522-66F2-4520-A429-7D72860232C4}.Release|Any CPU.Build.0 = Release|Any CPU
	EndGlobalSection
	GlobalSection(SolutionProperties) = preSolution
		HideSolutionNode = FALSE
	EndGlobalSection
	GlobalSection(ExtensibilityGlobals) = postSolution
		SolutionGuid = {F30443E9-AB4C-4E39-881C-4EB58941D346}
	EndGlobalSection
EndGlobal
